# Generated by pub
# See https://dart.dev/tools/pub/glossary#lockfile
packages:
  dart_console:
    dependency: "direct main"
    description:
      name: dart_console
      url: "https://pub.dartlang.org"
    source: hosted
    version: "0.3.1"
  pedantic:
    dependency: "direct dev"
    description:
      name: pedantic
      url: "https://pub.dartlang.org"
    source: hosted
    version: "1.8.0+1"
sdks:
  dart: ">=2.5.0 <3.0.0"
